Microsoft Visual Studio Solution File, Format Version 11.00
# Visual Studio 2008

Project("{E4F6578C-9991-4A89-6E10-8836F91A65E3}") = "youmechmecrazy", "Assembly-CSharp-vs.csproj", "{C70029F1-61FC-6565-FB1E-266EA2311A5A}"
EndProject
Global
	GlobalSection(SolutionConfigurationPlatforms) = preSolution
		Debug|Any CPU = Debug|Any CPU
		Release|Any CPU = Release|Any CPU
	EndGlobalSection
	GlobalSection(ProjectConfigurationPlatforms) = postSolution
		{C70029F1-61FC-6565-FB1E-266EA2311A5A}.Debug|Any CPU.ActiveCfg = Debug|Any CPU
		{C70029F1-61FC-6565-FB1E-266EA2311A5A}.Debug|Any CPU.Build.0 = Debug|Any CPU
		{C70029F1-61FC-6565-FB1E-266EA2311A5A}.Release|Any CPU.ActiveCfg = Release|Any CPU
		{C70029F1-61FC-6565-FB1E-266EA2311A5A}.Release|Any CPU.Build.0 = Release|Any CPU
	EndGlobalSection
	GlobalSection(SolutionProperties) = preSolution
		HideSolutionNode = FALSE
	EndGlobalSection
			GlobalSection(MonoDevelopProperties) = preSolution
		StartupItem = Assembly-CSharp.csproj
	EndGlobalSection

EndGlobal
