
Microsoft Visual Studio Solution File, Format Version 12.00
# Visual Studio 2015
Project("{FAE04EC0-301F-11D3-BF4B-00C04F79EFBC}") = "YouMechMeCrazy.CSharp", "YouMechMeCrazy.CSharp.csproj", "{B5C48EBE-79E8-E143-9BCD-A0B4D6DB13EF}"
EndProject
Global
	GlobalSection(SolutionConfigurationPlatforms) = preSolution
		Debug|Any CPU = Debug|Any CPU
		Release|Any CPU = Release|Any CPU
	EndGlobalSection
	GlobalSection(ProjectConfigurationPlatforms) = postSolution
		{B5C48EBE-79E8-E143-9BCD-A0B4D6DB13EF}.Debug|Any CPU.ActiveCfg = Debug|Any CPU
		{B5C48EBE-79E8-E143-9BCD-A0B4D6DB13EF}.Debug|Any CPU.Build.0 = Debug|Any CPU
		{B5C48EBE-79E8-E143-9BCD-A0B4D6DB13EF}.Release|Any CPU.ActiveCfg = Release|Any CPU
		{B5C48EBE-79E8-E143-9BCD-A0B4D6DB13EF}.Release|Any CPU.Build.0 = Release|Any CPU
	EndGlobalSection
	GlobalSection(SolutionProperties) = preSolution
		HideSolutionNode = FALSE
	EndGlobalSection
EndGlobal
