Microsoft Visual Studio Solution File, Format Version 11.00
# Visual Studio 2008

Project("{735A4607-76FF-AF59-7029-CBCC00548B25}") = "YouMechMeCrazy", "Assembly-CSharp-firstpass.csproj", "{05F1FC2D-2E09-F6B6-1D26-48885A78B6C4}"
EndProject
Project("{735A4607-76FF-AF59-7029-CBCC00548B25}") = "YouMechMeCrazy", "Assembly-CSharp.csproj", "{4B2CAE78-B835-A4C2-6135-5BA8CBB55E9C}"
EndProject
Project("{735A4607-76FF-AF59-7029-CBCC00548B25}") = "YouMechMeCrazy", "Assembly-CSharp-Editor.csproj", "{8EF8A804-FDB2-1211-5A68-E53E38983559}"
EndProject
Global
	GlobalSection(SolutionConfigurationPlatforms) = preSolution
		Debug|Any CPU = Debug|Any CPU
		Release|Any CPU = Release|Any CPU
	EndGlobalSection
	GlobalSection(ProjectConfigurationPlatforms) = postSolution
		{05F1FC2D-2E09-F6B6-1D26-48885A78B6C4}.Debug|Any CPU.ActiveCfg = Debug|Any CPU
		{05F1FC2D-2E09-F6B6-1D26-48885A78B6C4}.Debug|Any CPU.Build.0 = Debug|Any CPU
		{05F1FC2D-2E09-F6B6-1D26-48885A78B6C4}.Release|Any CPU.ActiveCfg = Release|Any CPU
		{05F1FC2D-2E09-F6B6-1D26-48885A78B6C4}.Release|Any CPU.Build.0 = Release|Any CPU
		{4B2CAE78-B835-A4C2-6135-5BA8CBB55E9C}.Debug|Any CPU.ActiveCfg = Debug|Any CPU
		{4B2CAE78-B835-A4C2-6135-5BA8CBB55E9C}.Debug|Any CPU.Build.0 = Debug|Any CPU
		{4B2CAE78-B835-A4C2-6135-5BA8CBB55E9C}.Release|Any CPU.ActiveCfg = Release|Any CPU
		{4B2CAE78-B835-A4C2-6135-5BA8CBB55E9C}.Release|Any CPU.Build.0 = Release|Any CPU
		{8EF8A804-FDB2-1211-5A68-E53E38983559}.Debug|Any CPU.ActiveCfg = Debug|Any CPU
		{8EF8A804-FDB2-1211-5A68-E53E38983559}.Debug|Any CPU.Build.0 = Debug|Any CPU
		{8EF8A804-FDB2-1211-5A68-E53E38983559}.Release|Any CPU.ActiveCfg = Release|Any CPU
		{8EF8A804-FDB2-1211-5A68-E53E38983559}.Release|Any CPU.Build.0 = Release|Any CPU
	EndGlobalSection
	GlobalSection(SolutionProperties) = preSolution
		HideSolutionNode = FALSE
	EndGlobalSection
	GlobalSection(MonoDevelopProperties) = preSolution
		StartupItem = Assembly-CSharp.csproj
	EndGlobalSection
EndGlobal
